
Microsoft Visual Studio Solution File, Format Version 12.00
# Visual Studio 15
VisualStudioVersion = 15.0.28010.2046
MinimumVisualStudioVersion = 10.0.40219.1
Project("{FAE04EC0-301F-11D3-BF4B-00C04F79EFBC}") = "VideoRegistrator", "VideoRegistrator\VideoRegistrator.csproj", "{EDD7444A-5D84-440D-A681-866A92E1D45A}"
EndProject
Global
	GlobalSection(SolutionConfigurationPlatforms) = preSolution
		Debug|Any CPU = Debug|Any CPU
		Debug|x86 = Debug|x86
		Release|Any CPU = Release|Any CPU
		Release|x86 = Release|x86
	EndGlobalSection
	GlobalSection(ProjectConfigurationPlatforms) = postSolution
		{EDD7444A-5D84-440D-A681-866A92E1D45A}.Debug|Any CPU.ActiveCfg = Debug|Any CPU
		{EDD7444A-5D84-440D-A681-866A92E1D45A}.Debug|Any CPU.Build.0 = Debug|Any CPU
		{EDD7444A-5D84-440D-A681-866A92E1D45A}.Debug|x86.ActiveCfg = Debug|Any CPU
		{EDD7444A-5D84-440D-A681-866A92E1D45A}.Debug|x86.Build.0 = Debug|Any CPU
		{EDD7444A-5D84-440D-A681-866A92E1D45A}.Release|Any CPU.ActiveCfg = Release|Any CPU
		{EDD7444A-5D84-440D-A681-866A92E1D45A}.Release|Any CPU.Build.0 = Release|Any CPU
		{EDD7444A-5D84-440D-A681-866A92E1D45A}.Release|x86.ActiveCfg = Release|Any CPU
		{EDD7444A-5D84-440D-A681-866A92E1D45A}.Release|x86.Build.0 = Release|Any CPU
	EndGlobalSection
	GlobalSection(SolutionProperties) = preSolution
		HideSolutionNode = FALSE
	EndGlobalSection
	GlobalSection(ExtensibilityGlobals) = postSolution
		SolutionGuid = {F7B12A4D-B456-4D76-82C7-4D5F8E987414}
	EndGlobalSection
EndGlobal
